
Microsoft Visual Studio Solution File, Format Version 12.00
# Visual Studio Version 17
VisualStudioVersion = 17.5.33530.505
MinimumVisualStudioVersion = 10.0.40219.1
Project("{FAE04EC0-301F-11D3-BF4B-00C04F79EFBC}") = "ApiCarro", "ApiCarro\ApiCarro.csproj", "{2F7439D8-5D06-432D-A7D7-FC053C15D189}"
EndProject
Global
	GlobalSection(SolutionConfigurationPlatforms) = preSolution
		Debug|Any CPU = Debug|Any CPU
		Release|Any CPU = Release|Any CPU
	EndGlobalSection
	GlobalSection(ProjectConfigurationPlatforms) = postSolution
		{2F7439D8-5D06-432D-A7D7-FC053C15D189}.Debug|Any CPU.ActiveCfg = Debug|Any CPU
		{2F7439D8-5D06-432D-A7D7-FC053C15D189}.Debug|Any CPU.Build.0 = Debug|Any CPU
		{2F7439D8-5D06-432D-A7D7-FC053C15D189}.Release|Any CPU.ActiveCfg = Release|Any CPU
		{2F7439D8-5D06-432D-A7D7-FC053C15D189}.Release|Any CPU.Build.0 = Release|Any CPU
	EndGlobalSection
	GlobalSection(SolutionProperties) = preSolution
		HideSolutionNode = FALSE
	EndGlobalSection
	GlobalSection(ExtensibilityGlobals) = postSolution
		SolutionGuid = {3F793EB4-5D41-4760-A853-4770B10B675C}
	EndGlobalSection
EndGlobal
